
Microsoft Visual Studio Solution File, Format Version 12.00
# Visual Studio 14
VisualStudioVersion = 14.0.25420.1
MinimumVisualStudioVersion = 10.0.40219.1
Project("{F184B08F-C81C-45F6-A57F-5ABD9991F28F}") = "Damas", "Damas\Damas.vbproj", "{DDD0DDEA-2BBE-4C07-BD82-D4D76A844CF9}"
EndProject
Global
	GlobalSection(SolutionConfigurationPlatforms) = preSolution
		Debug|Any CPU = Debug|Any CPU
		Release|Any CPU = Release|Any CPU
	EndGlobalSection
	GlobalSection(ProjectConfigurationPlatforms) = postSolution
		{DDD0DDEA-2BBE-4C07-BD82-D4D76A844CF9}.Debug|Any CPU.ActiveCfg = Debug|Any CPU
		{DDD0DDEA-2BBE-4C07-BD82-D4D76A844CF9}.Debug|Any CPU.Build.0 = Debug|Any CPU
		{DDD0DDEA-2BBE-4C07-BD82-D4D76A844CF9}.Release|Any CPU.ActiveCfg = Release|Any CPU
		{DDD0DDEA-2BBE-4C07-BD82-D4D76A844CF9}.Release|Any CPU.Build.0 = Release|Any CPU
	EndGlobalSection
	GlobalSection(SolutionProperties) = preSolution
		HideSolutionNode = FALSE
	EndGlobalSection
EndGlobal
